
Microsoft Visual Studio Solution File, Format Version 12.00
# Visual Studio Version 16
VisualStudioVersion = 16.0.30225.117
MinimumVisualStudioVersion = 10.0.40219.1
Project("{FAE04EC0-301F-11D3-BF4B-00C04F79EFBC}") = "ScrollStitch.V20200707", "ScrollStitch.V20200707\ScrollStitch.V20200707.csproj", "{515523D6-13F3-4327-8004-B18A3355DA43}"
EndProject
Project("{FAE04EC0-301F-11D3-BF4B-00C04F79EFBC}") = "ScrollStitch.V20200707.FixedWidthFontExtractionTool", "ScrollStitch.V20200707.FixedWidthFontExtractionTool\ScrollStitch.V20200707.FixedWidthFontExtractionTool.csproj", "{643BA734-7D90-4D00-B46F-3B589AB289D8}"
EndProject
Project("{FAE04EC0-301F-11D3-BF4B-00C04F79EFBC}") = "ScrollStitch.V20200707.RectTreeDev", "ScrollStitch.V20200707.RectTreeDev\ScrollStitch.V20200707.RectTreeDev.csproj", "{62CCE13C-0579-47C7-A991-83343C445A15}"
EndProject
Project("{FAE04EC0-301F-11D3-BF4B-00C04F79EFBC}") = "ScrollStitch.V20200707.SpatialUnitTests", "ScrollStitch.V20200707.SpatialUnitTests\ScrollStitch.V20200707.SpatialUnitTests.csproj", "{038B3936-B9CA-4471-B0E0-6085FE8F25AE}"
EndProject
Global
	GlobalSection(SolutionConfigurationPlatforms) = preSolution
		Debug|Any CPU = Debug|Any CPU
		Release|Any CPU = Release|Any CPU
	EndGlobalSection
	GlobalSection(ProjectConfigurationPlatforms) = postSolution
		{515523D6-13F3-4327-8004-B18A3355DA43}.Debug|Any CPU.ActiveCfg = Debug|Any CPU
		{515523D6-13F3-4327-8004-B18A3355DA43}.Debug|Any CPU.Build.0 = Debug|Any CPU
		{515523D6-13F3-4327-8004-B18A3355DA43}.Release|Any CPU.ActiveCfg = Release|Any CPU
		{515523D6-13F3-4327-8004-B18A3355DA43}.Release|Any CPU.Build.0 = Release|Any CPU
		{643BA734-7D90-4D00-B46F-3B589AB289D8}.Debug|Any CPU.ActiveCfg = Debug|Any CPU
		{643BA734-7D90-4D00-B46F-3B589AB289D8}.Debug|Any CPU.Build.0 = Debug|Any CPU
		{643BA734-7D90-4D00-B46F-3B589AB289D8}.Release|Any CPU.ActiveCfg = Release|Any CPU
		{643BA734-7D90-4D00-B46F-3B589AB289D8}.Release|Any CPU.Build.0 = Release|Any CPU
		{62CCE13C-0579-47C7-A991-83343C445A15}.Debug|Any CPU.ActiveCfg = Debug|Any CPU
		{62CCE13C-0579-47C7-A991-83343C445A15}.Debug|Any CPU.Build.0 = Debug|Any CPU
		{62CCE13C-0579-47C7-A991-83343C445A15}.Release|Any CPU.ActiveCfg = Release|Any CPU
		{62CCE13C-0579-47C7-A991-83343C445A15}.Release|Any CPU.Build.0 = Release|Any CPU
		{038B3936-B9CA-4471-B0E0-6085FE8F25AE}.Debug|Any CPU.ActiveCfg = Debug|Any CPU
		{038B3936-B9CA-4471-B0E0-6085FE8F25AE}.Debug|Any CPU.Build.0 = Debug|Any CPU
		{038B3936-B9CA-4471-B0E0-6085FE8F25AE}.Release|Any CPU.ActiveCfg = Release|Any CPU
		{038B3936-B9CA-4471-B0E0-6085FE8F25AE}.Release|Any CPU.Build.0 = Release|Any CPU
	EndGlobalSection
	GlobalSection(SolutionProperties) = preSolution
		HideSolutionNode = FALSE
	EndGlobalSection
	GlobalSection(ExtensibilityGlobals) = postSolution
		SolutionGuid = {991ACBC5-09EB-4A79-8459-E7F6000D6528}
	EndGlobalSection
EndGlobal
