
Microsoft Visual Studio Solution File, Format Version 12.00
# Visual Studio Version 17
VisualStudioVersion = 17.11.35208.52
MinimumVisualStudioVersion = 10.0.40219.1
Project("{FAE04EC0-301F-11D3-BF4B-00C04F79EFBC}") = "ScrollStitch.V20200707", "ScrollStitch.V20200707\ScrollStitch.V20200707.csproj", "{515523D6-13F3-4327-8004-B18A3355DA43}"
EndProject
Project("{FAE04EC0-301F-11D3-BF4B-00C04F79EFBC}") = "ScrollStitch.V20200707.FixedWidthFontExtractionTool", "ScrollStitch.V20200707.FixedWidthFontExtractionTool\ScrollStitch.V20200707.FixedWidthFontExtractionTool.csproj", "{643BA734-7D90-4D00-B46F-3B589AB289D8}"
EndProject
Project("{FAE04EC0-301F-11D3-BF4B-00C04F79EFBC}") = "ScrollStitch.V20200707.RectTreeDev", "ScrollStitch.V20200707.RectTreeDev\ScrollStitch.V20200707.RectTreeDev.csproj", "{62CCE13C-0579-47C7-A991-83343C445A15}"
EndProject
Project("{9A19103F-16F7-4668-BE54-9A1E7A4F7556}") = "ScrollStitch.V20200707.NUnitTests.Spatial", "ScrollStitch.V20200707.NUnitTests.Spatial\ScrollStitch.V20200707.NUnitTests.Spatial.csproj", "{1FC83E7E-DA11-443E-AD28-12104C97D616}"
EndProject
Project("{FAE04EC0-301F-11D3-BF4B-00C04F79EFBC}") = "ScrollStitch.V20200707.Base", "ScrollStitch.V20200707.Base\ScrollStitch.V20200707.Base.csproj", "{E0880BFA-2047-4DFE-90B6-1BC72D120E8D}"
EndProject
Project("{FAE04EC0-301F-11D3-BF4B-00C04F79EFBC}") = "ScrollStitch.V20200707.Imaging", "ScrollStitch.V20200707.Imaging\ScrollStitch.V20200707.Imaging.csproj", "{77A3D2C5-EF7B-4F4D-A642-C44451CE4BD5}"
EndProject
Project("{FAE04EC0-301F-11D3-BF4B-00C04F79EFBC}") = "ScrollStitch.V20200707.Utilities", "ScrollStitch.V20200707.Utilities\ScrollStitch.V20200707.Utilities.csproj", "{D2FA21DF-7840-4DFB-AE85-D8B5DBC17326}"
EndProject
Global
	GlobalSection(SolutionConfigurationPlatforms) = preSolution
		Debug|Any CPU = Debug|Any CPU
		Release|Any CPU = Release|Any CPU
	EndGlobalSection
	GlobalSection(ProjectConfigurationPlatforms) = postSolution
		{515523D6-13F3-4327-8004-B18A3355DA43}.Debug|Any CPU.ActiveCfg = Debug|Any CPU
		{515523D6-13F3-4327-8004-B18A3355DA43}.Debug|Any CPU.Build.0 = Debug|Any CPU
		{515523D6-13F3-4327-8004-B18A3355DA43}.Release|Any CPU.ActiveCfg = Release|Any CPU
		{515523D6-13F3-4327-8004-B18A3355DA43}.Release|Any CPU.Build.0 = Release|Any CPU
		{643BA734-7D90-4D00-B46F-3B589AB289D8}.Debug|Any CPU.ActiveCfg = Debug|Any CPU
		{643BA734-7D90-4D00-B46F-3B589AB289D8}.Debug|Any CPU.Build.0 = Debug|Any CPU
		{643BA734-7D90-4D00-B46F-3B589AB289D8}.Release|Any CPU.ActiveCfg = Release|Any CPU
		{643BA734-7D90-4D00-B46F-3B589AB289D8}.Release|Any CPU.Build.0 = Release|Any CPU
		{62CCE13C-0579-47C7-A991-83343C445A15}.Debug|Any CPU.ActiveCfg = Debug|Any CPU
		{62CCE13C-0579-47C7-A991-83343C445A15}.Debug|Any CPU.Build.0 = Debug|Any CPU
		{62CCE13C-0579-47C7-A991-83343C445A15}.Release|Any CPU.ActiveCfg = Release|Any CPU
		{62CCE13C-0579-47C7-A991-83343C445A15}.Release|Any CPU.Build.0 = Release|Any CPU
		{1FC83E7E-DA11-443E-AD28-12104C97D616}.Debug|Any CPU.ActiveCfg = Debug|Any CPU
		{1FC83E7E-DA11-443E-AD28-12104C97D616}.Debug|Any CPU.Build.0 = Debug|Any CPU
		{1FC83E7E-DA11-443E-AD28-12104C97D616}.Release|Any CPU.ActiveCfg = Release|Any CPU
		{1FC83E7E-DA11-443E-AD28-12104C97D616}.Release|Any CPU.Build.0 = Release|Any CPU
		{E0880BFA-2047-4DFE-90B6-1BC72D120E8D}.Debug|Any CPU.ActiveCfg = Debug|Any CPU
		{E0880BFA-2047-4DFE-90B6-1BC72D120E8D}.Debug|Any CPU.Build.0 = Debug|Any CPU
		{E0880BFA-2047-4DFE-90B6-1BC72D120E8D}.Release|Any CPU.ActiveCfg = Release|Any CPU
		{E0880BFA-2047-4DFE-90B6-1BC72D120E8D}.Release|Any CPU.Build.0 = Release|Any CPU
		{77A3D2C5-EF7B-4F4D-A642-C44451CE4BD5}.Debug|Any CPU.ActiveCfg = Debug|Any CPU
		{77A3D2C5-EF7B-4F4D-A642-C44451CE4BD5}.Debug|Any CPU.Build.0 = Debug|Any CPU
		{77A3D2C5-EF7B-4F4D-A642-C44451CE4BD5}.Release|Any CPU.ActiveCfg = Release|Any CPU
		{77A3D2C5-EF7B-4F4D-A642-C44451CE4BD5}.Release|Any CPU.Build.0 = Release|Any CPU
		{D2FA21DF-7840-4DFB-AE85-D8B5DBC17326}.Debug|Any CPU.ActiveCfg = Debug|Any CPU
		{D2FA21DF-7840-4DFB-AE85-D8B5DBC17326}.Debug|Any CPU.Build.0 = Debug|Any CPU
		{D2FA21DF-7840-4DFB-AE85-D8B5DBC17326}.Release|Any CPU.ActiveCfg = Release|Any CPU
		{D2FA21DF-7840-4DFB-AE85-D8B5DBC17326}.Release|Any CPU.Build.0 = Release|Any CPU
	EndGlobalSection
	GlobalSection(SolutionProperties) = preSolution
		HideSolutionNode = FALSE
	EndGlobalSection
	GlobalSection(ExtensibilityGlobals) = postSolution
		SolutionGuid = {991ACBC5-09EB-4A79-8459-E7F6000D6528}
	EndGlobalSection
EndGlobal
